// !$*UTF8*$!
{
	archiveVersion = 1;
	classes = {
	};
	objectVersion = 50;
	objects = {

/* Begin PBXBuildFile section */
		8215AFCA1052CF2E73CCB059 /* Pods_SwiftyCompanion.framework in Frameworks */ = {isa = PBXBuildFile; fileRef = D22197A3A3062EF3B9D059FD /* Pods_SwiftyCompanion.framework */; };
		94A47F66239511AC00F55C96 /* AppDelegate.swift in Sources */ = {isa = PBXBuildFile; fileRef = 94A47F65239511AC00F55C96 /* AppDelegate.swift */; };
		94A47F68239511AC00F55C96 /* SceneDelegate.swift in Sources */ = {isa = PBXBuildFile; fileRef = 94A47F67239511AC00F55C96 /* SceneDelegate.swift */; };
		94A47F6A239511AC00F55C96 /* SearchViewController.swift in Sources */ = {isa = PBXBuildFile; fileRef = 94A47F69239511AC00F55C96 /* SearchViewController.swift */; };
		94A47F6D239511AC00F55C96 /* Main.storyboard in Resources */ = {isa = PBXBuildFile; fileRef = 94A47F6B239511AC00F55C96 /* Main.storyboard */; };
		94A47F6F239511AD00F55C96 /* Assets.xcassets in Resources */ = {isa = PBXBuildFile; fileRef = 94A47F6E239511AD00F55C96 /* Assets.xcassets */; };
		94A47F72239511AD00F55C96 /* LaunchScreen.storyboard in Resources */ = {isa = PBXBuildFile; fileRef = 94A47F70239511AD00F55C96 /* LaunchScreen.storyboard */; };
		94D854D923981B70004CACFC /* APIHandler.swift in Sources */ = {isa = PBXBuildFile; fileRef = 94D854D823981B70004CACFC /* APIHandler.swift */; };
		94D854DB23981C17004CACFC /* Models.swift in Sources */ = {isa = PBXBuildFile; fileRef = 94D854DA23981C17004CACFC /* Models.swift */; };
		94D854DD239895FE004CACFC /* ProfileViewController.swift in Sources */ = {isa = PBXBuildFile; fileRef = 94D854DC239895FE004CACFC /* ProfileViewController.swift */; };
		94D854DF239896D7004CACFC /* SkillCustomCell.swift in Sources */ = {isa = PBXBuildFile; fileRef = 94D854DE239896D7004CACFC /* SkillCustomCell.swift */; };
		94D854E123989710004CACFC /* ProjectCustomCell.swift in Sources */ = {isa = PBXBuildFile; fileRef = 94D854E023989710004CACFC /* ProjectCustomCell.swift */; };
/* End PBXBuildFile section */

/* Begin PBXFileReference section */
		647693853BD681A26DE18F25 /* Pods-SwiftyCompanion.release.xcconfig */ = {isa = PBXFileReference; includeInIndex = 1; lastKnownFileType = text.xcconfig; name = "Pods-SwiftyCompanion.release.xcconfig"; path = "Target Support Files/Pods-SwiftyCompanion/Pods-SwiftyCompanion.release.xcconfig"; sourceTree = "<group>"; };
		94A47F62239511AC00F55C96 /* SwiftyCompanion.app */ = {isa = PBXFileReference; explicitFileType = wrapper.application; includeInIndex = 0; path = SwiftyCompanion.app; sourceTree = BUILT_PRODUCTS_DIR; };
		94A47F65239511AC00F55C96 /* AppDelegate.swift */ = {isa = PBXFileReference; lastKnownFileType = sourcecode.swift; path = AppDelegate.swift; sourceTree = "<group>"; };
		94A47F67239511AC00F55C96 /* SceneDelegate.swift */ = {isa = PBXFileReference; lastKnownFileType = sourcecode.swift; path = SceneDelegate.swift; sourceTree = "<group>"; };
		94A47F69239511AC00F55C96 /* SearchViewController.swift */ = {isa = PBXFileReference; lastKnownFileType = sourcecode.swift; path = SearchViewController.swift; sourceTree = "<group>"; };
		94A47F6C239511AC00F55C96 /* Base */ = {isa = PBXFileReference; lastKnownFileType = file.storyboard; name = Base; path = Base.lproj/Main.storyboard; sourceTree = "<group>"; };
		94A47F6E239511AD00F55C96 /* Assets.xcassets */ = {isa = PBXFileReference; lastKnownFileType = folder.assetcatalog; path = Assets.xcassets; sourceTree = "<group>"; };
		94A47F71239511AD00F55C96 /* Base */ = {isa = PBXFileReference; lastKnownFileType = file.storyboard; name = Base; path = Base.lproj/LaunchScreen.storyboard; sourceTree = "<group>"; };
		94A47F73239511AD00F55C96 /* Info.plist */ = {isa = PBXFileReference; lastKnownFileType = text.plist.xml; path = Info.plist; sourceTree = "<group>"; };
		94D854D823981B70004CACFC /* APIHandler.swift */ = {isa = PBXFileReference; lastKnownFileType = sourcecode.swift; path = APIHandler.swift; sourceTree = "<group>"; };
		94D854DA23981C17004CACFC /* Models.swift */ = {isa = PBXFileReference; lastKnownFileType = sourcecode.swift; path = Models.swift; sourceTree = "<group>"; };
		94D854DC239895FE004CACFC /* ProfileViewController.swift */ = {isa = PBXFileReference; lastKnownFileType = sourcecode.swift; path = ProfileViewController.swift; sourceTree = "<group>"; };
		94D854DE239896D7004CACFC /* SkillCustomCell.swift */ = {isa = PBXFileReference; lastKnownFileType = sourcecode.swift; path = SkillCustomCell.swift; sourceTree = "<group>"; };
		94D854E023989710004CACFC /* ProjectCustomCell.swift */ = {isa = PBXFileReference; lastKnownFileType = sourcecode.swift; path = ProjectCustomCell.swift; sourceTree = "<group>"; };
		D22197A3A3062EF3B9D059FD /* Pods_SwiftyCompanion.framework */ = {isa = PBXFileReference; explicitFileType = wrapper.framework; includeInIndex = 0; path = Pods_SwiftyCompanion.framework; sourceTree = BUILT_PRODUCTS_DIR; };
		E9BF26F2CC2169A3B5C12054 /* Pods-SwiftyCompanion.debug.xcconfig */ = {isa = PBXFileReference; includeInIndex = 1; lastKnownFileType = text.xcconfig; name = "Pods-SwiftyCompanion.debug.xcconfig"; path = "Target Support Files/Pods-SwiftyCompanion/Pods-SwiftyCompanion.debug.xcconfig"; sourceTree = "<group>"; };
/* End PBXFileReference section */

/* Begin PBXFrameworksBuildPhase section */
		94A47F5F239511AC00F55C96 /* Frameworks */ = {
			isa = PBXFrameworksBuildPhase;
			buildActionMask = 2147483647;
			files = (
				8215AFCA1052CF2E73CCB059 /* Pods_SwiftyCompanion.framework in Frameworks */,
			);
			runOnlyForDeploymentPostprocessing = 0;
		};
/* End PBXFrameworksBuildPhase section */

/* Begin PBXGroup section */
		570E67D1AB9822E3C1D5E25F /* Frameworks */ = {
			isa = PBXGroup;
			children = (
				D22197A3A3062EF3B9D059FD /* Pods_SwiftyCompanion.framework */,
			);
			name = Frameworks;
			sourceTree = "<group>";
		};
		94A47F59239511AC00F55C96 = {
			isa = PBXGroup;
			children = (
				94A47F64239511AC00F55C96 /* SwiftyCompanion */,
				94A47F63239511AC00F55C96 /* Products */,
				E86937E0265AE5B9FB0521A8 /* Pods */,
				570E67D1AB9822E3C1D5E25F /* Frameworks */,
			);
			sourceTree = "<group>";
		};
		94A47F63239511AC00F55C96 /* Products */ = {
			isa = PBXGroup;
			children = (
				94A47F62239511AC00F55C96 /* SwiftyCompanion.app */,
			);
			name = Products;
			sourceTree = "<group>";
		};
		94A47F64239511AC00F55C96 /* SwiftyCompanion */ = {
			isa = PBXGroup;
			children = (
				94A47F65239511AC00F55C96 /* AppDelegate.swift */,
				94A47F67239511AC00F55C96 /* SceneDelegate.swift */,
				94D854D823981B70004CACFC /* APIHandler.swift */,
				94D854DA23981C17004CACFC /* Models.swift */,
				94A47F69239511AC00F55C96 /* SearchViewController.swift */,
				94D854DC239895FE004CACFC /* ProfileViewController.swift */,
				94D854DE239896D7004CACFC /* SkillCustomCell.swift */,
				94D854E023989710004CACFC /* ProjectCustomCell.swift */,
				94A47F6B239511AC00F55C96 /* Main.storyboard */,
				94A47F6E239511AD00F55C96 /* Assets.xcassets */,
				94A47F70239511AD00F55C96 /* LaunchScreen.storyboard */,
				94A47F73239511AD00F55C96 /* Info.plist */,
			);
			path = SwiftyCompanion;
			sourceTree = "<group>";
		};
		E86937E0265AE5B9FB0521A8 /* Pods */ = {
			isa = PBXGroup;
			children = (
				E9BF26F2CC2169A3B5C12054 /* Pods-SwiftyCompanion.debug.xcconfig */,
				647693853BD681A26DE18F25 /* Pods-SwiftyCompanion.release.xcconfig */,
			);
			path = Pods;
			sourceTree = "<group>";
		};
/* End PBXGroup section */

/* Begin PBXNativeTarget section */
		94A47F61239511AC00F55C96 /* SwiftyCompanion */ = {
			isa = PBXNativeTarget;
			buildConfigurationList = 94A47F76239511AD00F55C96 /* Build configuration list for PBXNativeTarget "SwiftyCompanion" */;
			buildPhases = (
				817A7F4157045F820ADCF0D8 /* [CP] Check Pods Manifest.lock */,
				94A47F5E239511AC00F55C96 /* Sources */,
				94A47F5F239511AC00F55C96 /* Frameworks */,
				94A47F60239511AC00F55C96 /* Resources */,
				5B6AFAF94E9079F6FB251634 /* [CP] Embed Pods Frameworks */,
			);
			buildRules = (
			);
			dependencies = (
			);
			name = SwiftyCompanion;
			productName = SwiftyCompanion;
			productReference = 94A47F62239511AC00F55C96 /* SwiftyCompanion.app */;
			productType = "com.apple.product-type.application";
		};
/* End PBXNativeTarget section */

/* Begin PBXProject section */
		94A47F5A239511AC00F55C96 /* Project object */ = {
			isa = PBXProject;
			attributes = {
				LastSwiftUpdateCheck = 1100;
				LastUpgradeCheck = 1100;
				ORGANIZATIONNAME = "Ryan de Kwaadsteniet";
				TargetAttributes = {
					94A47F61239511AC00F55C96 = {
						CreatedOnToolsVersion = 11.0;
					};
				};
			};
			buildConfigurationList = 94A47F5D239511AC00F55C96 /* Build configuration list for PBXProject "SwiftyCompanion" */;
			compatibilityVersion = "Xcode 9.3";
			developmentRegion = en;
			hasScannedForEncodings = 0;
			knownRegions = (
				en,
				Base,
			);
			mainGroup = 94A47F59239511AC00F55C96;
			productRefGroup = 94A47F63239511AC00F55C96 /* Products */;
			projectDirPath = "";
			projectRoot = "";
			targets = (
				94A47F61239511AC00F55C96 /* SwiftyCompanion */,
			);
		};
/* End PBXProject section */

/* Begin PBXResourcesBuildPhase section */
		94A47F60239511AC00F55C96 /* Resources */ = {
			isa = PBXResourcesBuildPhase;
			buildActionMask = 2147483647;
			files = (
				94A47F72239511AD00F55C96 /* LaunchScreen.storyboard in Resources */,
				94A47F6F239511AD00F55C96 /* Assets.xcassets in Resources */,
				94A47F6D239511AC00F55C96 /* Main.storyboard in Resources */,
			);
			runOnlyForDeploymentPostprocessing = 0;
		};
/* End PBXResourcesBuildPhase section */

/* Begin PBXShellScriptBuildPhase section */
		5B6AFAF94E9079F6FB251634 /* [CP] Embed Pods Frameworks */ = {
			isa = PBXShellScriptBuildPhase;
			buildActionMask = 2147483647;
			files = (
			);
			inputFileListPaths = (
			);
			inputPaths = (
				"${PODS_ROOT}/Target Support Files/Pods-SwiftyCompanion/Pods-SwiftyCompanion-frameworks.sh",
				"${BUILT_PRODUCTS_DIR}/Alamofire/Alamofire.framework",
				"${BUILT_PRODUCTS_DIR}/AlamofireSwiftyJSON/AlamofireSwiftyJSON.framework",
				"${BUILT_PRODUCTS_DIR}/SwiftyJSON/SwiftyJSON.framework",
			);
			name = "[CP] Embed Pods Frameworks";
			outputFileListPaths = (
			);
			outputPaths = (
				"${TARGET_BUILD_DIR}/${FRAMEWORKS_FOLDER_PATH}/Alamofire.framework",
				"${TARGET_BUILD_DIR}/${FRAMEWORKS_FOLDER_PATH}/AlamofireSwiftyJSON.framework",
				"${TARGET_BUILD_DIR}/${FRAMEWORKS_FOLDER_PATH}/SwiftyJSON.framework",
			);
			runOnlyForDeploymentPostprocessing = 0;
			shellPath = /bin/sh;
			shellScript = "\"${PODS_ROOT}/Target Support Files/Pods-SwiftyCompanion/Pods-SwiftyCompanion-frameworks.sh\"\n";
			showEnvVarsInLog = 0;
		};
		817A7F4157045F820ADCF0D8 /* [CP] Check Pods Manifest.lock */ = {
			isa = PBXShellScriptBuildPhase;
			buildActionMask = 2147483647;
			files = (
			);
			inputFileListPaths = (
			);
			inputPaths = (
				"${PODS_PODFILE_DIR_PATH}/Podfile.lock",
				"${PODS_ROOT}/Manifest.lock",
			);
			name = "[CP] Check Pods Manifest.lock";
			outputFileListPaths = (
			);
			outputPaths = (
				"$(DERIVED_FILE_DIR)/Pods-SwiftyCompanion-checkManifestLockResult.txt",
			);
			runOnlyForDeploymentPostprocessing = 0;
			shellPath = /bin/sh;
			shellScript = "diff \"${PODS_PODFILE_DIR_PATH}/Podfile.lock\" \"${PODS_ROOT}/Manifest.lock\" > /dev/null\nif [ $? != 0 ] ; then\n    # print error to STDERR\n    echo \"error: The sandbox is not in sync with the Podfile.lock. Run 'pod install' or update your CocoaPods installation.\" >&2\n    exit 1\nfi\n# This output is used by Xcode 'outputs' to avoid re-running this script phase.\necho \"SUCCESS\" > \"${SCRIPT_OUTPUT_FILE_0}\"\n";
			showEnvVarsInLog = 0;
		};
/* End PBXShellScriptBuildPhase section */

/* Begin PBXSourcesBuildPhase section */
		94A47F5E239511AC00F55C96 /* Sources */ = {
			isa = PBXSourcesBuildPhase;
			buildActionMask = 2147483647;
			files = (
				94D854DD239895FE004CACFC /* ProfileViewController.swift in Sources */,
				94D854DF239896D7004CACFC /* SkillCustomCell.swift in Sources */,
				94A47F6A239511AC00F55C96 /* SearchViewController.swift in Sources */,
				94A47F66239511AC00F55C96 /* AppDelegate.swift in Sources */,
				94D854E123989710004CACFC /* ProjectCustomCell.swift in Sources */,
				94A47F68239511AC00F55C96 /* SceneDelegate.swift in Sources */,
				94D854D923981B70004CACFC /* APIHandler.swift in Sources */,
				94D854DB23981C17004CACFC /* Models.swift in Sources */,
			);
			runOnlyForDeploymentPostprocessing = 0;
		};
/* End PBXSourcesBuildPhase section */

/* Begin PBXVariantGroup section */
		94A47F6B239511AC00F55C96 /* Main.storyboard */ = {
			isa = PBXVariantGroup;
			children = (
				94A47F6C239511AC00F55C96 /* Base */,
			);
			name = Main.storyboard;
			sourceTree = "<group>";
		};
		94A47F70239511AD00F55C96 /* LaunchScreen.storyboard */ = {
			isa = PBXVariantGroup;
			children = (
				94A47F71239511AD00F55C96 /* Base */,
			);
			name = LaunchScreen.storyboard;
			sourceTree = "<group>";
		};
/* End PBXVariantGroup section */

/* Begin XCBuildConfiguration section */
		94A47F74239511AD00F55C96 /* Debug */ = {
			isa = XCBuildConfiguration;
			buildSettings = {
				ALWAYS_SEARCH_USER_PATHS = NO;
				CLANG_ANALYZER_NONNULL = YES;
				CLANG_ANALYZER_NUMBER_OBJECT_CONVERSION = YES_AGGRESSIVE;
				CLANG_CXX_LANGUAGE_STANDARD = "gnu++14";
				CLANG_CXX_LIBRARY = "libc++";
				CLANG_ENABLE_MODULES = YES;
				CLANG_ENABLE_OBJC_ARC = YES;
				CLANG_ENABLE_OBJC_WEAK = YES;
				CLANG_WARN_BLOCK_CAPTURE_AUTORELEASING = YES;
				CLANG_WARN_BOOL_CONVERSION = YES;
				CLANG_WARN_COMMA = YES;
				CLANG_WARN_CONSTANT_CONVERSION = YES;
				CLANG_WARN_DEPRECATED_OBJC_IMPLEMENTATIONS = YES;
				CLANG_WARN_DIRECT_OBJC_ISA_USAGE = YES_ERROR;
				CLANG_WARN_DOCUMENTATION_COMMENTS = YES;
				CLANG_WARN_EMPTY_BODY = YES;
				CLANG_WARN_ENUM_CONVERSION = YES;
				CLANG_WARN_INFINITE_RECURSION = YES;
				CLANG_WARN_INT_CONVERSION = YES;
				CLANG_WARN_NON_LITERAL_NULL_CONVERSION = YES;
				CLANG_WARN_OBJC_IMPLICIT_RETAIN_SELF = YES;
				CLANG_WARN_OBJC_LITERAL_CONVERSION = YES;
				CLANG_WARN_OBJC_ROOT_CLASS = YES_ERROR;
				CLANG_WARN_RANGE_LOOP_ANALYSIS = YES;
				CLANG_WARN_STRICT_PROTOTYPES = YES;
				CLANG_WARN_SUSPICIOUS_MOVE = YES;
				CLANG_WARN_UNGUARDED_AVAILABILITY = YES_AGGRESSIVE;
				CLANG_WARN_UNREACHABLE_CODE = YES;
				CLANG_WARN__DUPLICATE_METHOD_MATCH = YES;
				COPY_PHASE_STRIP = NO;
				DEBUG_INFORMATION_FORMAT = dwarf;
				ENABLE_STRICT_OBJC_MSGSEND = YES;
				ENABLE_TESTABILITY = YES;
				GCC_C_LANGUAGE_STANDARD = gnu11;
				GCC_DYNAMIC_NO_PIC = NO;
				GCC_NO_COMMON_BLOCKS = YES;
				GCC_OPTIMIZATION_LEVEL = 0;
				GCC_PREPROCESSOR_DEFINITIONS = (
					"DEBUG=1",
					"$(inherited)",
				);
				GCC_WARN_64_TO_32_BIT_CONVERSION = YES;
				GCC_WARN_ABOUT_RETURN_TYPE = YES_ERROR;
				GCC_WARN_UNDECLARED_SELECTOR = YES;
				GCC_WARN_UNINITIALIZED_AUTOS = YES_AGGRESSIVE;
				GCC_WARN_UNUSED_FUNCTION = YES;
				GCC_WARN_UNUSED_VARIABLE = YES;
				IPHONEOS_DEPLOYMENT_TARGET = 13.0;
				MTL_ENABLE_DEBUG_INFO = INCLUDE_SOURCE;
				MTL_FAST_MATH = YES;
				ONLY_ACTIVE_ARCH = YES;
				SDKROOT = iphoneos;
				SWIFT_ACTIVE_COMPILATION_CONDITIONS = DEBUG;
				SWIFT_OPTIMIZATION_LEVEL = "-Onone";
			};
			name = Debug;
		};
		94A47F75239511AD00F55C96 /* Release */ = {
			isa = XCBuildConfiguration;
			buildSettings = {
				ALWAYS_SEARCH_USER_PATHS = NO;
				CLANG_ANALYZER_NONNULL = YES;
				CLANG_ANALYZER_NUMBER_OBJECT_CONVERSION = YES_AGGRESSIVE;
				CLANG_CXX_LANGUAGE_STANDARD = "gnu++14";
				CLANG_CXX_LIBRARY = "libc++";
				CLANG_ENABLE_MODULES = YES;
				CLANG_ENABLE_OBJC_ARC = YES;
				CLANG_ENABLE_OBJC_WEAK = YES;
				CLANG_WARN_BLOCK_CAPTURE_AUTORELEASING = YES;
				CLANG_WARN_BOOL_CONVERSION = YES;
				CLANG_WARN_COMMA = YES;
				CLANG_WARN_CONSTANT_CONVERSION = YES;
				CLANG_WARN_DEPRECATED_OBJC_IMPLEMENTATIONS = YES;
				CLANG_WARN_DIRECT_OBJC_ISA_USAGE = YES_ERROR;
				CLANG_WARN_DOCUMENTATION_COMMENTS = YES;
				CLANG_WARN_EMPTY_BODY = YES;
				CLANG_WARN_ENUM_CONVERSION = YES;
				CLANG_WARN_INFINITE_RECURSION = YES;
				CLANG_WARN_INT_CONVERSION = YES;
				CLANG_WARN_NON_LITERAL_NULL_CONVERSION = YES;
				CLANG_WARN_OBJC_IMPLICIT_RETAIN_SELF = YES;
				CLANG_WARN_OBJC_LITERAL_CONVERSION = YES;
				CLANG_WARN_OBJC_ROOT_CLASS = YES_ERROR;
				CLANG_WARN_RANGE_LOOP_ANALYSIS = YES;
				CLANG_WARN_STRICT_PROTOTYPES = YES;
				CLANG_WARN_SUSPICIOUS_MOVE = YES;
				CLANG_WARN_UNGUARDED_AVAILABILITY = YES_AGGRESSIVE;
				CLANG_WARN_UNREACHABLE_CODE = YES;
				CLANG_WARN__DUPLICATE_METHOD_MATCH = YES;
				COPY_PHASE_STRIP = NO;
				DEBUG_INFORMATION_FORMAT = "dwarf-with-dsym";
				ENABLE_NS_ASSERTIONS = NO;
				ENABLE_STRICT_OBJC_MSGSEND = YES;
				GCC_C_LANGUAGE_STANDARD = gnu11;
				GCC_NO_COMMON_BLOCKS = YES;
				GCC_WARN_64_TO_32_BIT_CONVERSION = YES;
				GCC_WARN_ABOUT_RETURN_TYPE = YES_ERROR;
				GCC_WARN_UNDECLARED_SELECTOR = YES;
				GCC_WARN_UNINITIALIZED_AUTOS = YES_AGGRESSIVE;
				GCC_WARN_UNUSED_FUNCTION = YES;
				GCC_WARN_UNUSED_VARIABLE = YES;
				IPHONEOS_DEPLOYMENT_TARGET = 13.0;
				MTL_ENABLE_DEBUG_INFO = NO;
				MTL_FAST_MATH = YES;
				SDKROOT = iphoneos;
				SWIFT_COMPILATION_MODE = wholemodule;
				SWIFT_OPTIMIZATION_LEVEL = "-O";
				VALIDATE_PRODUCT = YES;
			};
			name = Release;
		};
		94A47F77239511AD00F55C96 /* Debug */ = {
			isa = XCBuildConfiguration;
			baseConfigurationReference = E9BF26F2CC2169A3B5C12054 /* Pods-SwiftyCompanion.debug.xcconfig */;
			buildSettings = {
				ASSETCATALOG_COMPILER_APPICON_NAME = AppIcon;
				CODE_SIGN_STYLE = Automatic;
				DEVELOPMENT_TEAM = D7JBMW8G3X;
				INFOPLIST_FILE = SwiftyCompanion/Info.plist;
				LD_RUNPATH_SEARCH_PATHS = (
					"$(inherited)",
					"@executable_path/Frameworks",
				);
				PRODUCT_BUNDLE_IDENTIFIER = com.swiftmodule.SwiftyCompanion;
				PRODUCT_NAME = "$(TARGET_NAME)";
				SWIFT_VERSION = 5.0;
				TARGETED_DEVICE_FAMILY = "1,2";
			};
			name = Debug;
		};
		94A47F78239511AD00F55C96 /* Release */ = {
			isa = XCBuildConfiguration;
			baseConfigurationReference = 647693853BD681A26DE18F25 /* Pods-SwiftyCompanion.release.xcconfig */;
			buildSettings = {
				ASSETCATALOG_COMPILER_APPICON_NAME = AppIcon;
				CODE_SIGN_STYLE = Automatic;
				DEVELOPMENT_TEAM = D7JBMW8G3X;
				INFOPLIST_FILE = SwiftyCompanion/Info.plist;
				LD_RUNPATH_SEARCH_PATHS = (
					"$(inherited)",
					"@executable_path/Frameworks",
				);
				PRODUCT_BUNDLE_IDENTIFIER = com.swiftmodule.SwiftyCompanion;
				PRODUCT_NAME = "$(TARGET_NAME)";
				SWIFT_VERSION = 5.0;
				TARGETED_DEVICE_FAMILY = "1,2";
			};
			name = Release;
		};
/* End XCBuildConfiguration section */

/* Begin XCConfigurationList section */
		94A47F5D239511AC00F55C96 /* Build configuration list for PBXProject "SwiftyCompanion" */ = {
			isa = XCConfigurationList;
			buildConfigurations = (
				94A47F74239511AD00F55C96 /* Debug */,
				94A47F75239511AD00F55C96 /* Release */,
			);
			defaultConfigurationIsVisible = 0;
			defaultConfigurationName = Release;
		};
		94A47F76239511AD00F55C96 /* Build configuration list for PBXNativeTarget "SwiftyCompanion" */ = {
			isa = XCConfigurationList;
			buildConfigurations = (
				94A47F77239511AD00F55C96 /* Debug */,
				94A47F78239511AD00F55C96 /* Release */,
			);
			defaultConfigurationIsVisible = 0;
			defaultConfigurationName = Release;
		};
/* End XCConfigurationList section */
	};
	rootObject = 94A47F5A239511AC00F55C96 /* Project object */;
}
